{
  "name": "aoc",
  "version": "0.0.1",
  "lockfileVersion": 1,
  "requires": true,
  "dependencies": {
    "aoc-helpers": {
      "version": "file:../aoc-helpers",
      "requires": {
        "func-generators": "file:../func-generators",
        "ramda": "0.25.0"
      },
      "dependencies": {
        "func-generators": {
          "version": "file:../func-generators",
          "bundled": true
        },
        "ramda": {
          "version": "0.25.0",
          "bundled": true
        }
      }
    },
    "aoc-runner": {
      "version": "file:../aoc-runner",
      "requires": {
        "ramda": "0.25.0"
      },
      "dependencies": {
        "ramda": {
          "version": "0.25.0",
          "bundled": true
        }
      }
    },
    "func-generators": {
      "version": "0.0.1",
      "resolved": "https://registry.npmjs.org/func-generators/-/func-generators-0.0.1.tgz",
      "integrity": "sha512-QgLvrL2UMS3yJ3EnSJuOYbisqm3jGNcOr//BdiyXmRqkK/LDBtAOXwOAUeHMJ3DGFz783yBpBQmBYnIVWAnOaw=="
    },
    "ramda": {
      "version": "0.25.0",
      "resolved": "https://registry.npmjs.org/ramda/-/ramda-0.25.0.tgz",
      "integrity": "sha512-GXpfrYVPwx3K7RQ6aYT8KPS8XViSXUVJT1ONhoKPE9VAleW42YE+U+8VEyGWt41EnEQW7gwecYJriTI0pKoecQ=="
    }
  }
}
